
Microsoft Visual Studio Solution File, Format Version 12.00
# Visual Studio Version 17
VisualStudioVersion = 17.1.32407.343
MinimumVisualStudioVersion = 10.0.40219.1
Project("{9A19103F-16F7-4668-BE54-9A1E7A4F7556}") = "Sample.ContainerApps", "Sample.ContainerApps\Sample.ContainerApps.csproj", "{19C2D0C6-FC2F-4691-89FA-921CDC3FFFAF}"
EndProject
Project("{E53339B2-1760-4266-BCC7-CA923CBCF16C}") = "docker-compose", "docker-compose.dcproj", "{8EEB6725-F545-4365-90E5-ECBEB236A1E1}"
EndProject
Project("{FAE04EC0-301F-11D3-BF4B-00C04F79EFBC}") = "Sample.ContainerApps.BusinessLogic", "Sample.ContainerApps.BusinessLogic\Sample.ContainerApps.BusinessLogic.csproj", "{2007A957-D981-430E-8AD4-06DDBD5F8448}"
EndProject
Global
	GlobalSection(SolutionConfigurationPlatforms) = preSolution
		Debug|Any CPU = Debug|Any CPU
		Release|Any CPU = Release|Any CPU
	EndGlobalSection
	GlobalSection(ProjectConfigurationPlatforms) = postSolution
		{19C2D0C6-FC2F-4691-89FA-921CDC3FFFAF}.Debug|Any CPU.ActiveCfg = Debug|Any CPU
		{19C2D0C6-FC2F-4691-89FA-921CDC3FFFAF}.Debug|Any CPU.Build.0 = Debug|Any CPU
		{19C2D0C6-FC2F-4691-89FA-921CDC3FFFAF}.Release|Any CPU.ActiveCfg = Release|Any CPU
		{19C2D0C6-FC2F-4691-89FA-921CDC3FFFAF}.Release|Any CPU.Build.0 = Release|Any CPU
		{8EEB6725-F545-4365-90E5-ECBEB236A1E1}.Debug|Any CPU.ActiveCfg = Debug|Any CPU
		{8EEB6725-F545-4365-90E5-ECBEB236A1E1}.Debug|Any CPU.Build.0 = Debug|Any CPU
		{8EEB6725-F545-4365-90E5-ECBEB236A1E1}.Release|Any CPU.ActiveCfg = Release|Any CPU
		{8EEB6725-F545-4365-90E5-ECBEB236A1E1}.Release|Any CPU.Build.0 = Release|Any CPU
		{2007A957-D981-430E-8AD4-06DDBD5F8448}.Debug|Any CPU.ActiveCfg = Debug|Any CPU
		{2007A957-D981-430E-8AD4-06DDBD5F8448}.Debug|Any CPU.Build.0 = Debug|Any CPU
		{2007A957-D981-430E-8AD4-06DDBD5F8448}.Release|Any CPU.ActiveCfg = Release|Any CPU
		{2007A957-D981-430E-8AD4-06DDBD5F8448}.Release|Any CPU.Build.0 = Release|Any CPU
	EndGlobalSection
	GlobalSection(SolutionProperties) = preSolution
		HideSolutionNode = FALSE
	EndGlobalSection
	GlobalSection(ExtensibilityGlobals) = postSolution
		SolutionGuid = {F560B6EA-587D-446E-BB80-B82922B2145D}
	EndGlobalSection
EndGlobal
